
Microsoft Visual Studio Solution File, Format Version 12.00
# Visual Studio Version 17
VisualStudioVersion = 17.1.32210.238
MinimumVisualStudioVersion = 10.0.40219.1
Project("{FAE04EC0-301F-11D3-BF4B-00C04F79EFBC}") = "hello", "hello.csproj", "{0DF9B507-ACAD-40F6-A6E9-D5FBB9806AF5}"
EndProject
Global
	GlobalSection(SolutionConfigurationPlatforms) = preSolution
		Debug|Any CPU = Debug|Any CPU
		Release|Any CPU = Release|Any CPU
	EndGlobalSection
	GlobalSection(ProjectConfigurationPlatforms) = postSolution
		{0DF9B507-ACAD-40F6-A6E9-D5FBB9806AF5}.Debug|Any CPU.ActiveCfg = Debug|Any CPU
		{0DF9B507-ACAD-40F6-A6E9-D5FBB9806AF5}.Debug|Any CPU.Build.0 = Debug|Any CPU
		{0DF9B507-ACAD-40F6-A6E9-D5FBB9806AF5}.Release|Any CPU.ActiveCfg = Release|Any CPU
		{0DF9B507-ACAD-40F6-A6E9-D5FBB9806AF5}.Release|Any CPU.Build.0 = Release|Any CPU
	EndGlobalSection
	GlobalSection(SolutionProperties) = preSolution
		HideSolutionNode = FALSE
	EndGlobalSection
	GlobalSection(ExtensibilityGlobals) = postSolution
		SolutionGuid = {2A980D37-2A59-4750-8C0E-112DEF92DD0E}
	EndGlobalSection
EndGlobal
